// !$*UTF8*$!
{
	archiveVersion = 1;
	classes = {
	};
	objectVersion = 46;
	objects = {

/* Begin PBXBuildFile section */
		826DAD622CE2DE3A20EE8817 /* Pods_insights_for_instagramTests.framework in Frameworks */ = {isa = PBXBuildFile; fileRef = 09F2374247510737687CC66A /* Pods_insights_for_instagramTests.framework */; };
		970EC5CA084F08EC732835A5 /* Pods_insights_for_instagram.framework in Frameworks */ = {isa = PBXBuildFile; fileRef = 802F0FF4317368326E258C85 /* Pods_insights_for_instagram.framework */; };
		AD4142E31F6FD78E00A83795 /* LaunchScreen.storyboard in Resources */ = {isa = PBXBuildFile; fileRef = AD4142E21F6FD78E00A83795 /* LaunchScreen.storyboard */; };
		AD4142E41F6FD78E00A83795 /* LaunchScreen.storyboard in Resources */ = {isa = PBXBuildFile; fileRef = AD4142E21F6FD78E00A83795 /* LaunchScreen.storyboard */; };
		AD42A34E1F6ACC650023151C /* BaseInteractor.swift in Sources */ = {isa = PBXBuildFile; fileRef = AD42A34D1F6ACC650023151C /* BaseInteractor.swift */; };
		AD61BABD1F6BDBF900307E92 /* AddAccountPresenter.swift in Sources */ = {isa = PBXBuildFile; fileRef = AD61BABC1F6BDBF900307E92 /* AddAccountPresenter.swift */; };
		AD6C69081F390A4E00039B66 /* Main.storyboard in Resources */ = {isa = PBXBuildFile; fileRef = AD6C69061F390A4E00039B66 /* Main.storyboard */; };
		AD6C690A1F390A4E00039B66 /* Assets.xcassets in Resources */ = {isa = PBXBuildFile; fileRef = AD6C69091F390A4E00039B66 /* Assets.xcassets */; };
		AD7D8C371F73CCC60094697E /* InstagramAPITests.swift in Sources */ = {isa = PBXBuildFile; fileRef = AD7D8C361F73CCC60094697E /* InstagramAPITests.swift */; };
		ADB36EDB1F7306DA002844FD /* InstagramMediaTests.swift in Sources */ = {isa = PBXBuildFile; fileRef = ADB36EDA1F7306DA002844FD /* InstagramMediaTests.swift */; };
		ADD71BCF1F6AE47800251445 /* InstagramAPI.swift in Sources */ = {isa = PBXBuildFile; fileRef = ADD71BCE1F6AE47800251445 /* InstagramAPI.swift */; };
		ADD71BD31F6AE48500251445 /* InstagramMedia.swift in Sources */ = {isa = PBXBuildFile; fileRef = ADD71BD21F6AE48500251445 /* InstagramMedia.swift */; };
		ADD71BDA1F6AE49B00251445 /* InsightsInteractor.swift in Sources */ = {isa = PBXBuildFile; fileRef = ADD71BD61F6AE49B00251445 /* InsightsInteractor.swift */; };
		ADD71BDD1F6AE49B00251445 /* InsightsPresenter.swift in Sources */ = {isa = PBXBuildFile; fileRef = ADD71BD71F6AE49B00251445 /* InsightsPresenter.swift */; };
		ADD71BE01F6AE49B00251445 /* InsightsViewController.swift in Sources */ = {isa = PBXBuildFile; fileRef = ADD71BD81F6AE49B00251445 /* InsightsViewController.swift */; };
		ADD71BE31F6AE49B00251445 /* InstagramMediaSectionTableViewCell.swift in Sources */ = {isa = PBXBuildFile; fileRef = ADD71BD91F6AE49B00251445 /* InstagramMediaSectionTableViewCell.swift */; };
		ADD71BEC1F6AE4AC00251445 /* AppUserAccount.swift in Sources */ = {isa = PBXBuildFile; fileRef = ADD71BE61F6AE4AC00251445 /* AppUserAccount.swift */; };
		ADD71BF21F6AE4AC00251445 /* AppDataStore.swift in Sources */ = {isa = PBXBuildFile; fileRef = ADD71BE81F6AE4AC00251445 /* AppDataStore.swift */; };
		ADD71BF51F6AE4AC00251445 /* AppConfiguration.swift in Sources */ = {isa = PBXBuildFile; fileRef = ADD71BE91F6AE4AC00251445 /* AppConfiguration.swift */; };
		ADD71BF81F6AE4AC00251445 /* AppDelegate.swift in Sources */ = {isa = PBXBuildFile; fileRef = ADD71BEA1F6AE4AC00251445 /* AppDelegate.swift */; };
		ADD71BFB1F6AE4AC00251445 /* AppExtensions.swift in Sources */ = {isa = PBXBuildFile; fileRef = ADD71BEB1F6AE4AC00251445 /* AppExtensions.swift */; };
		ADD71C021F6AE4C100251445 /* AccountViewController.swift in Sources */ = {isa = PBXBuildFile; fileRef = ADD71BFE1F6AE4C100251445 /* AccountViewController.swift */; };
		ADD71C081F6AE4C100251445 /* AddAccountViewController.swift in Sources */ = {isa = PBXBuildFile; fileRef = ADD71C001F6AE4C100251445 /* AddAccountViewController.swift */; };
		ADD71C0B1F6AE4C100251445 /* AddAccountInteractor.swift in Sources */ = {isa = PBXBuildFile; fileRef = ADD71C011F6AE4C100251445 /* AddAccountInteractor.swift */; };
		ADE65DA11F59921A00F5B710 /* BaseInteractorWorker.swift in Sources */ = {isa = PBXBuildFile; fileRef = ADE65DA01F59921A00F5B710 /* BaseInteractorWorker.swift */; };
/* End PBXBuildFile section */

/* Begin PBXContainerItemProxy section */
		AD6C69141F390A4F00039B66 /* PBXContainerItemProxy */ = {
			isa = PBXContainerItemProxy;
			containerPortal = AD6C68F51F390A4E00039B66 /* Project object */;
			proxyType = 1;
			remoteGlobalIDString = AD6C68FC1F390A4E00039B66;
			remoteInfo = "insights-for-instagram";
		};
/* End PBXContainerItemProxy section */

/* Begin PBXFileReference section */
		09F2374247510737687CC66A /* Pods_insights_for_instagramTests.framework */ = {isa = PBXFileReference; explicitFileType = wrapper.framework; includeInIndex = 0; path = Pods_insights_for_instagramTests.framework; sourceTree = BUILT_PRODUCTS_DIR; };
		1879247EFBB7E37B2DF8A95E /* Pods-insights-for-instagramTests.release.xcconfig */ = {isa = PBXFileReference; includeInIndex = 1; lastKnownFileType = text.xcconfig; name = "Pods-insights-for-instagramTests.release.xcconfig"; path = "Pods/Target Support Files/Pods-insights-for-instagramTests/Pods-insights-for-instagramTests.release.xcconfig"; sourceTree = "<group>"; };
		25CF554A7A2BE8E283AEC682 /* Pods-insights-for-instagram.debug.xcconfig */ = {isa = PBXFileReference; includeInIndex = 1; lastKnownFileType = text.xcconfig; name = "Pods-insights-for-instagram.debug.xcconfig"; path = "Pods/Target Support Files/Pods-insights-for-instagram/Pods-insights-for-instagram.debug.xcconfig"; sourceTree = "<group>"; };
		7FADBF9E959DB8F02D5624CA /* Pods-insights-for-instagramTests.debug.xcconfig */ = {isa = PBXFileReference; includeInIndex = 1; lastKnownFileType = text.xcconfig; name = "Pods-insights-for-instagramTests.debug.xcconfig"; path = "Pods/Target Support Files/Pods-insights-for-instagramTests/Pods-insights-for-instagramTests.debug.xcconfig"; sourceTree = "<group>"; };
		802F0FF4317368326E258C85 /* Pods_insights_for_instagram.framework */ = {isa = PBXFileReference; explicitFileType = wrapper.framework; includeInIndex = 0; path = Pods_insights_for_instagram.framework; sourceTree = BUILT_PRODUCTS_DIR; };
		A7CD320FF647674A7285FBC0 /* Pods-insights-for-instagram.release.xcconfig */ = {isa = PBXFileReference; includeInIndex = 1; lastKnownFileType = text.xcconfig; name = "Pods-insights-for-instagram.release.xcconfig"; path = "Pods/Target Support Files/Pods-insights-for-instagram/Pods-insights-for-instagram.release.xcconfig"; sourceTree = "<group>"; };
		AD4142E21F6FD78E00A83795 /* LaunchScreen.storyboard */ = {isa = PBXFileReference; fileEncoding = 4; lastKnownFileType = file.storyboard; path = LaunchScreen.storyboard; sourceTree = "<group>"; };
		AD42A34D1F6ACC650023151C /* BaseInteractor.swift */ = {isa = PBXFileReference; fileEncoding = 4; lastKnownFileType = sourcecode.swift; path = BaseInteractor.swift; sourceTree = "<group>"; };
		AD61BABC1F6BDBF900307E92 /* AddAccountPresenter.swift */ = {isa = PBXFileReference; fileEncoding = 4; lastKnownFileType = sourcecode.swift; path = AddAccountPresenter.swift; sourceTree = "<group>"; };
		AD6C68FD1F390A4E00039B66 /* insights-for-instagram.app */ = {isa = PBXFileReference; explicitFileType = wrapper.application; includeInIndex = 0; path = "insights-for-instagram.app"; sourceTree = BUILT_PRODUCTS_DIR; };
		AD6C69071F390A4E00039B66 /* Base */ = {isa = PBXFileReference; lastKnownFileType = file.storyboard; name = Base; path = Base.lproj/Main.storyboard; sourceTree = "<group>"; };
		AD6C69091F390A4E00039B66 /* Assets.xcassets */ = {isa = PBXFileReference; lastKnownFileType = folder.assetcatalog; path = Assets.xcassets; sourceTree = "<group>"; };
		AD6C690E1F390A4E00039B66 /* Info.plist */ = {isa = PBXFileReference; lastKnownFileType = text.plist.xml; path = Info.plist; sourceTree = "<group>"; };
		AD6C69131F390A4F00039B66 /* insights-for-instagramTests.xctest */ = {isa = PBXFileReference; explicitFileType = wrapper.cfbundle; includeInIndex = 0; path = "insights-for-instagramTests.xctest"; sourceTree = BUILT_PRODUCTS_DIR; };
		AD6C69191F390A4F00039B66 /* Info.plist */ = {isa = PBXFileReference; lastKnownFileType = text.plist.xml; path = Info.plist; sourceTree = "<group>"; };
		AD7D8C361F73CCC60094697E /* InstagramAPITests.swift */ = {isa = PBXFileReference; fileEncoding = 4; lastKnownFileType = sourcecode.swift; path = InstagramAPITests.swift; sourceTree = "<group>"; };
		ADB36EDA1F7306DA002844FD /* InstagramMediaTests.swift */ = {isa = PBXFileReference; fileEncoding = 4; lastKnownFileType = sourcecode.swift; path = InstagramMediaTests.swift; sourceTree = "<group>"; };
		ADD71BCE1F6AE47800251445 /* InstagramAPI.swift */ = {isa = PBXFileReference; fileEncoding = 4; lastKnownFileType = sourcecode.swift; path = InstagramAPI.swift; sourceTree = "<group>"; };
		ADD71BD21F6AE48500251445 /* InstagramMedia.swift */ = {isa = PBXFileReference; fileEncoding = 4; lastKnownFileType = sourcecode.swift; path = InstagramMedia.swift; sourceTree = "<group>"; };
		ADD71BD61F6AE49B00251445 /* InsightsInteractor.swift */ = {isa = PBXFileReference; fileEncoding = 4; lastKnownFileType = sourcecode.swift; path = InsightsInteractor.swift; sourceTree = "<group>"; };
		ADD71BD71F6AE49B00251445 /* InsightsPresenter.swift */ = {isa = PBXFileReference; fileEncoding = 4; lastKnownFileType = sourcecode.swift; path = InsightsPresenter.swift; sourceTree = "<group>"; };
		ADD71BD81F6AE49B00251445 /* InsightsViewController.swift */ = {isa = PBXFileReference; fileEncoding = 4; lastKnownFileType = sourcecode.swift; path = InsightsViewController.swift; sourceTree = "<group>"; };
		ADD71BD91F6AE49B00251445 /* InstagramMediaSectionTableViewCell.swift */ = {isa = PBXFileReference; fileEncoding = 4; lastKnownFileType = sourcecode.swift; path = InstagramMediaSectionTableViewCell.swift; sourceTree = "<group>"; };
		ADD71BE61F6AE4AC00251445 /* AppUserAccount.swift */ = {isa = PBXFileReference; fileEncoding = 4; lastKnownFileType = sourcecode.swift; path = AppUserAccount.swift; sourceTree = "<group>"; };
		ADD71BE81F6AE4AC00251445 /* AppDataStore.swift */ = {isa = PBXFileReference; fileEncoding = 4; lastKnownFileType = sourcecode.swift; path = AppDataStore.swift; sourceTree = "<group>"; };
		ADD71BE91F6AE4AC00251445 /* AppConfiguration.swift */ = {isa = PBXFileReference; fileEncoding = 4; lastKnownFileType = sourcecode.swift; path = AppConfiguration.swift; sourceTree = "<group>"; };
		ADD71BEA1F6AE4AC00251445 /* AppDelegate.swift */ = {isa = PBXFileReference; fileEncoding = 4; lastKnownFileType = sourcecode.swift; path = AppDelegate.swift; sourceTree = "<group>"; };
		ADD71BEB1F6AE4AC00251445 /* AppExtensions.swift */ = {isa = PBXFileReference; fileEncoding = 4; lastKnownFileType = sourcecode.swift; path = AppExtensions.swift; sourceTree = "<group>"; };
		ADD71BFE1F6AE4C100251445 /* AccountViewController.swift */ = {isa = PBXFileReference; fileEncoding = 4; lastKnownFileType = sourcecode.swift; path = AccountViewController.swift; sourceTree = "<group>"; };
		ADD71C001F6AE4C100251445 /* AddAccountViewController.swift */ = {isa = PBXFileReference; fileEncoding = 4; lastKnownFileType = sourcecode.swift; path = AddAccountViewController.swift; sourceTree = "<group>"; };
		ADD71C011F6AE4C100251445 /* AddAccountInteractor.swift */ = {isa = PBXFileReference; fileEncoding = 4; lastKnownFileType = sourcecode.swift; path = AddAccountInteractor.swift; sourceTree = "<group>"; };
		ADE65DA01F59921A00F5B710 /* BaseInteractorWorker.swift */ = {isa = PBXFileReference; fileEncoding = 4; lastKnownFileType = sourcecode.swift; path = BaseInteractorWorker.swift; sourceTree = "<group>"; };
/* End PBXFileReference section */

/* Begin PBXFrameworksBuildPhase section */
		AD6C68FA1F390A4E00039B66 /* Frameworks */ = {
			isa = PBXFrameworksBuildPhase;
			buildActionMask = 2147483647;
			files = (
				970EC5CA084F08EC732835A5 /* Pods_insights_for_instagram.framework in Frameworks */,
			);
			runOnlyForDeploymentPostprocessing = 0;
		};
		AD6C69101F390A4F00039B66 /* Frameworks */ = {
			isa = PBXFrameworksBuildPhase;
			buildActionMask = 2147483647;
			files = (
				826DAD622CE2DE3A20EE8817 /* Pods_insights_for_instagramTests.framework in Frameworks */,
			);
			runOnlyForDeploymentPostprocessing = 0;
		};
/* End PBXFrameworksBuildPhase section */

/* Begin PBXGroup section */
		AD6C68F41F390A4E00039B66 = {
			isa = PBXGroup;
			children = (
				AD6C68FE1F390A4E00039B66 /* Products */,
				AD6C68FF1F390A4E00039B66 /* insights-for-instagram */,
				AD6C69161F390A4F00039B66 /* insights-for-instagramTests */,
				FAD78C34808A08430765163F /* Pods */,
				F3AD435598555D6DC2ACAD81 /* Frameworks */,
			);
			sourceTree = "<group>";
		};
		AD6C68FE1F390A4E00039B66 /* Products */ = {
			isa = PBXGroup;
			children = (
				AD6C68FD1F390A4E00039B66 /* insights-for-instagram.app */,
				AD6C69131F390A4F00039B66 /* insights-for-instagramTests.xctest */,
			);
			name = Products;
			sourceTree = "<group>";
		};
		AD6C68FF1F390A4E00039B66 /* insights-for-instagram */ = {
			isa = PBXGroup;
			children = (
				ADD71B8A1F6AE36500251445 /* Account */,
				ADD71B891F6AE32A00251445 /* App */,
				ADD71B8B1F6AE36F00251445 /* Insights */,
				ADD71B8C1F6AE37C00251445 /* Models */,
				ADD71B8D1F6AE38500251445 /* Networking */,
				AD6C69091F390A4E00039B66 /* Assets.xcassets */,
				AD42A34D1F6ACC650023151C /* BaseInteractor.swift */,
				ADE65DA01F59921A00F5B710 /* BaseInteractorWorker.swift */,
				AD6C690E1F390A4E00039B66 /* Info.plist */,
				AD4142E21F6FD78E00A83795 /* LaunchScreen.storyboard */,
				AD6C69061F390A4E00039B66 /* Main.storyboard */,
			);
			path = "insights-for-instagram";
			sourceTree = "<group>";
		};
		AD6C69161F390A4F00039B66 /* insights-for-instagramTests */ = {
			isa = PBXGroup;
			children = (
				AD6C69191F390A4F00039B66 /* Info.plist */,
				ADB36EDA1F7306DA002844FD /* InstagramMediaTests.swift */,
				AD7D8C361F73CCC60094697E /* InstagramAPITests.swift */,
			);
			path = "insights-for-instagramTests";
			sourceTree = "<group>";
		};
		ADD71B891F6AE32A00251445 /* App */ = {
			isa = PBXGroup;
			children = (
				ADD71BE91F6AE4AC00251445 /* AppConfiguration.swift */,
				ADD71BE81F6AE4AC00251445 /* AppDataStore.swift */,
				ADD71BEA1F6AE4AC00251445 /* AppDelegate.swift */,
				ADD71BEB1F6AE4AC00251445 /* AppExtensions.swift */,
				ADD71BE61F6AE4AC00251445 /* AppUserAccount.swift */,
			);
			path = App;
			sourceTree = "<group>";
		};
		ADD71B8A1F6AE36500251445 /* Account */ = {
			isa = PBXGroup;
			children = (
				ADD71BFE1F6AE4C100251445 /* AccountViewController.swift */,
				ADD71C011F6AE4C100251445 /* AddAccountInteractor.swift */,
				AD61BABC1F6BDBF900307E92 /* AddAccountPresenter.swift */,
				ADD71C001F6AE4C100251445 /* AddAccountViewController.swift */,
			);
			path = Account;
			sourceTree = "<group>";
		};
		ADD71B8B1F6AE36F00251445 /* Insights */ = {
			isa = PBXGroup;
			children = (
				ADD71BD61F6AE49B00251445 /* InsightsInteractor.swift */,
				ADD71BD71F6AE49B00251445 /* InsightsPresenter.swift */,
				ADD71BD81F6AE49B00251445 /* InsightsViewController.swift */,
				ADD71BD91F6AE49B00251445 /* InstagramMediaSectionTableViewCell.swift */,
			);
			path = Insights;
			sourceTree = "<group>";
		};
		ADD71B8C1F6AE37C00251445 /* Models */ = {
			isa = PBXGroup;
			children = (
				ADD71BD21F6AE48500251445 /* InstagramMedia.swift */,
			);
			path = Models;
			sourceTree = "<group>";
		};
		ADD71B8D1F6AE38500251445 /* Networking */ = {
			isa = PBXGroup;
			children = (
				ADD71BCE1F6AE47800251445 /* InstagramAPI.swift */,
			);
			path = Networking;
			sourceTree = "<group>";
		};
		F3AD435598555D6DC2ACAD81 /* Frameworks */ = {
			isa = PBXGroup;
			children = (
				802F0FF4317368326E258C85 /* Pods_insights_for_instagram.framework */,
				09F2374247510737687CC66A /* Pods_insights_for_instagramTests.framework */,
			);
			name = Frameworks;
			sourceTree = "<group>";
		};
		FAD78C34808A08430765163F /* Pods */ = {
			isa = PBXGroup;
			children = (
				25CF554A7A2BE8E283AEC682 /* Pods-insights-for-instagram.debug.xcconfig */,
				A7CD320FF647674A7285FBC0 /* Pods-insights-for-instagram.release.xcconfig */,
				7FADBF9E959DB8F02D5624CA /* Pods-insights-for-instagramTests.debug.xcconfig */,
				1879247EFBB7E37B2DF8A95E /* Pods-insights-for-instagramTests.release.xcconfig */,
			);
			name = Pods;
			sourceTree = "<group>";
		};
/* End PBXGroup section */

/* Begin PBXNativeTarget section */
		AD6C68FC1F390A4E00039B66 /* insights-for-instagram */ = {
			isa = PBXNativeTarget;
			buildConfigurationList = AD6C69271F390A4F00039B66 /* Build configuration list for PBXNativeTarget "insights-for-instagram" */;
			buildPhases = (
				A841561F091F6E1A316F0B6D /* [CP] Check Pods Manifest.lock */,
				AD6C68F91F390A4E00039B66 /* Sources */,
				AD6C68FA1F390A4E00039B66 /* Frameworks */,
				AD6C68FB1F390A4E00039B66 /* Resources */,
				B4A905D47AD41D1CAD9E0B84 /* [CP] Embed Pods Frameworks */,
				E0E93F41DF7DC8CABFA0959C /* [CP] Copy Pods Resources */,
				ADBDCEB92022681300183499 /* ShellScript */,
			);
			buildRules = (
			);
			dependencies = (
			);
			name = "insights-for-instagram";
			productName = "insights-for-instagram";
			productReference = AD6C68FD1F390A4E00039B66 /* insights-for-instagram.app */;
			productType = "com.apple.product-type.application";
		};
		AD6C69121F390A4F00039B66 /* insights-for-instagramTests */ = {
			isa = PBXNativeTarget;
			buildConfigurationList = AD6C692A1F390A4F00039B66 /* Build configuration list for PBXNativeTarget "insights-for-instagramTests" */;
			buildPhases = (
				5C69263025FD218D8650F06A /* [CP] Check Pods Manifest.lock */,
				AD6C690F1F390A4F00039B66 /* Sources */,
				AD6C69101F390A4F00039B66 /* Frameworks */,
				AD6C69111F390A4F00039B66 /* Resources */,
				480D1B7517B89E5E86BC99CC /* [CP] Embed Pods Frameworks */,
				71875759ADCF7CD1A3B52512 /* [CP] Copy Pods Resources */,
			);
			buildRules = (
			);
			dependencies = (
				AD6C69151F390A4F00039B66 /* PBXTargetDependency */,
			);
			name = "insights-for-instagramTests";
			productName = "insights-for-instagramTests";
			productReference = AD6C69131F390A4F00039B66 /* insights-for-instagramTests.xctest */;
			productType = "com.apple.product-type.bundle.unit-test";
		};
/* End PBXNativeTarget section */

/* Begin PBXProject section */
		AD6C68F51F390A4E00039B66 /* Project object */ = {
			isa = PBXProject;
			attributes = {
				LastSwiftUpdateCheck = 0830;
				LastUpgradeCheck = 0900;
				ORGANIZATIONNAME = "Alex Di Mango";
				TargetAttributes = {
					AD6C68FC1F390A4E00039B66 = {
						CreatedOnToolsVersion = 8.3.3;
						DevelopmentTeam = 46BS3CW9YT;
						LastSwiftMigration = 0900;
						ProvisioningStyle = Automatic;
					};
					AD6C69121F390A4F00039B66 = {
						CreatedOnToolsVersion = 8.3.3;
						DevelopmentTeam = 46BS3CW9YT;
						LastSwiftMigration = 0920;
						ProvisioningStyle = Automatic;
						TestTargetID = AD6C68FC1F390A4E00039B66;
					};
				};
			};
			buildConfigurationList = AD6C68F81F390A4E00039B66 /* Build configuration list for PBXProject "insights-for-instagram" */;
			compatibilityVersion = "Xcode 3.2";
			developmentRegion = English;
			hasScannedForEncodings = 0;
			knownRegions = (
				en,
				Base,
			);
			mainGroup = AD6C68F41F390A4E00039B66;
			productRefGroup = AD6C68FE1F390A4E00039B66 /* Products */;
			projectDirPath = "";
			projectRoot = "";
			targets = (
				AD6C68FC1F390A4E00039B66 /* insights-for-instagram */,
				AD6C69121F390A4F00039B66 /* insights-for-instagramTests */,
			);
		};
/* End PBXProject section */

/* Begin PBXResourcesBuildPhase section */
		AD6C68FB1F390A4E00039B66 /* Resources */ = {
			isa = PBXResourcesBuildPhase;
			buildActionMask = 2147483647;
			files = (
				AD4142E31F6FD78E00A83795 /* LaunchScreen.storyboard in Resources */,
				AD6C690A1F390A4E00039B66 /* Assets.xcassets in Resources */,
				AD6C69081F390A4E00039B66 /* Main.storyboard in Resources */,
			);
			runOnlyForDeploymentPostprocessing = 0;
		};
		AD6C69111F390A4F00039B66 /* Resources */ = {
			isa = PBXResourcesBuildPhase;
			buildActionMask = 2147483647;
			files = (
				AD4142E41F6FD78E00A83795 /* LaunchScreen.storyboard in Resources */,
			);
			runOnlyForDeploymentPostprocessing = 0;
		};
/* End PBXResourcesBuildPhase section */

/* Begin PBXShellScriptBuildPhase section */
		480D1B7517B89E5E86BC99CC /* [CP] Embed Pods Frameworks */ = {
			isa = PBXShellScriptBuildPhase;
			buildActionMask = 2147483647;
			files = (
			);
			inputPaths = (
				"${SRCROOT}/Pods/Target Support Files/Pods-insights-for-instagramTests/Pods-insights-for-instagramTests-frameworks.sh",
				"${BUILT_PRODUCTS_DIR}/Nimble/Nimble.framework",
				"${BUILT_PRODUCTS_DIR}/Quick/Quick.framework",
			);
			name = "[CP] Embed Pods Frameworks";
			outputPaths = (
				"${TARGET_BUILD_DIR}/${FRAMEWORKS_FOLDER_PATH}/Nimble.framework",
				"${TARGET_BUILD_DIR}/${FRAMEWORKS_FOLDER_PATH}/Quick.framework",
			);
			runOnlyForDeploymentPostprocessing = 0;
			shellPath = /bin/sh;
			shellScript = "\"${SRCROOT}/Pods/Target Support Files/Pods-insights-for-instagramTests/Pods-insights-for-instagramTests-frameworks.sh\"\n";
			showEnvVarsInLog = 0;
		};
		5C69263025FD218D8650F06A /* [CP] Check Pods Manifest.lock */ = {
			isa = PBXShellScriptBuildPhase;
			buildActionMask = 2147483647;
			files = (
			);
			inputPaths = (
				"${PODS_PODFILE_DIR_PATH}/Podfile.lock",
				"${PODS_ROOT}/Manifest.lock",
			);
			name = "[CP] Check Pods Manifest.lock";
			outputPaths = (
				"$(DERIVED_FILE_DIR)/Pods-insights-for-instagramTests-checkManifestLockResult.txt",
			);
			runOnlyForDeploymentPostprocessing = 0;
			shellPath = /bin/sh;
			shellScript = "diff \"${PODS_PODFILE_DIR_PATH}/Podfile.lock\" \"${PODS_ROOT}/Manifest.lock\" > /dev/null\nif [ $? != 0 ] ; then\n    # print error to STDERR\n    echo \"error: The sandbox is not in sync with the Podfile.lock. Run 'pod install' or update your CocoaPods installation.\" >&2\n    exit 1\nfi\n# This output is used by Xcode 'outputs' to avoid re-running this script phase.\necho \"SUCCESS\" > \"${SCRIPT_OUTPUT_FILE_0}\"\n";
			showEnvVarsInLog = 0;
		};
		71875759ADCF7CD1A3B52512 /* [CP] Copy Pods Resources */ = {
			isa = PBXShellScriptBuildPhase;
			buildActionMask = 2147483647;
			files = (
			);
			inputPaths = (
			);
			name = "[CP] Copy Pods Resources";
			outputPaths = (
			);
			runOnlyForDeploymentPostprocessing = 0;
			shellPath = /bin/sh;
			shellScript = "\"${SRCROOT}/Pods/Target Support Files/Pods-insights-for-instagramTests/Pods-insights-for-instagramTests-resources.sh\"\n";
			showEnvVarsInLog = 0;
		};
		A841561F091F6E1A316F0B6D /* [CP] Check Pods Manifest.lock */ = {
			isa = PBXShellScriptBuildPhase;
			buildActionMask = 2147483647;
			files = (
			);
			inputPaths = (
				"${PODS_PODFILE_DIR_PATH}/Podfile.lock",
				"${PODS_ROOT}/Manifest.lock",
			);
			name = "[CP] Check Pods Manifest.lock";
			outputPaths = (
				"$(DERIVED_FILE_DIR)/Pods-insights-for-instagram-checkManifestLockResult.txt",
			);
			runOnlyForDeploymentPostprocessing = 0;
			shellPath = /bin/sh;
			shellScript = "diff \"${PODS_PODFILE_DIR_PATH}/Podfile.lock\" \"${PODS_ROOT}/Manifest.lock\" > /dev/null\nif [ $? != 0 ] ; then\n    # print error to STDERR\n    echo \"error: The sandbox is not in sync with the Podfile.lock. Run 'pod install' or update your CocoaPods installation.\" >&2\n    exit 1\nfi\n# This output is used by Xcode 'outputs' to avoid re-running this script phase.\necho \"SUCCESS\" > \"${SCRIPT_OUTPUT_FILE_0}\"\n";
			showEnvVarsInLog = 0;
		};
		ADBDCEB92022681300183499 /* ShellScript */ = {
			isa = PBXShellScriptBuildPhase;
			buildActionMask = 2147483647;
			files = (
			);
			inputPaths = (
			);
			outputPaths = (
			);
			runOnlyForDeploymentPostprocessing = 0;
			shellPath = /bin/sh;
			shellScript = "\"${PODS_ROOT}/SwiftLint/swiftlint\"\n";
		};
		B4A905D47AD41D1CAD9E0B84 /* [CP] Embed Pods Frameworks */ = {
			isa = PBXShellScriptBuildPhase;
			buildActionMask = 2147483647;
			files = (
			);
			inputPaths = (
				"${SRCROOT}/Pods/Target Support Files/Pods-insights-for-instagram/Pods-insights-for-instagram-frameworks.sh",
				"${BUILT_PRODUCTS_DIR}/Alamofire/Alamofire.framework",
				"${BUILT_PRODUCTS_DIR}/Kingfisher/Kingfisher.framework",
				"${BUILT_PRODUCTS_DIR}/Moya/Moya.framework",
				"${BUILT_PRODUCTS_DIR}/ObjectMapper/ObjectMapper.framework",
				"${BUILT_PRODUCTS_DIR}/Realm/Realm.framework",
				"${BUILT_PRODUCTS_DIR}/RealmSwift/RealmSwift.framework",
				"${BUILT_PRODUCTS_DIR}/Result/Result.framework",
			);
			name = "[CP] Embed Pods Frameworks";
			outputPaths = (
				"${TARGET_BUILD_DIR}/${FRAMEWORKS_FOLDER_PATH}/Alamofire.framework",
				"${TARGET_BUILD_DIR}/${FRAMEWORKS_FOLDER_PATH}/Kingfisher.framework",
				"${TARGET_BUILD_DIR}/${FRAMEWORKS_FOLDER_PATH}/Moya.framework",
				"${TARGET_BUILD_DIR}/${FRAMEWORKS_FOLDER_PATH}/ObjectMapper.framework",
				"${TARGET_BUILD_DIR}/${FRAMEWORKS_FOLDER_PATH}/Realm.framework",
				"${TARGET_BUILD_DIR}/${FRAMEWORKS_FOLDER_PATH}/RealmSwift.framework",
				"${TARGET_BUILD_DIR}/${FRAMEWORKS_FOLDER_PATH}/Result.framework",
			);
			runOnlyForDeploymentPostprocessing = 0;
			shellPath = /bin/sh;
			shellScript = "\"${SRCROOT}/Pods/Target Support Files/Pods-insights-for-instagram/Pods-insights-for-instagram-frameworks.sh\"\n";
			showEnvVarsInLog = 0;
		};
		E0E93F41DF7DC8CABFA0959C /* [CP] Copy Pods Resources */ = {
			isa = PBXShellScriptBuildPhase;
			buildActionMask = 2147483647;
			files = (
			);
			inputPaths = (
			);
			name = "[CP] Copy Pods Resources";
			outputPaths = (
			);
			runOnlyForDeploymentPostprocessing = 0;
			shellPath = /bin/sh;
			shellScript = "\"${SRCROOT}/Pods/Target Support Files/Pods-insights-for-instagram/Pods-insights-for-instagram-resources.sh\"\n";
			showEnvVarsInLog = 0;
		};
/* End PBXShellScriptBuildPhase section */

/* Begin PBXSourcesBuildPhase section */
		AD6C68F91F390A4E00039B66 /* Sources */ = {
			isa = PBXSourcesBuildPhase;
			buildActionMask = 2147483647;
			files = (
				AD42A34E1F6ACC650023151C /* BaseInteractor.swift in Sources */,
				ADD71BDD1F6AE49B00251445 /* InsightsPresenter.swift in Sources */,
				ADD71BF21F6AE4AC00251445 /* AppDataStore.swift in Sources */,
				ADD71BE01F6AE49B00251445 /* InsightsViewController.swift in Sources */,
				ADD71BEC1F6AE4AC00251445 /* AppUserAccount.swift in Sources */,
				ADE65DA11F59921A00F5B710 /* BaseInteractorWorker.swift in Sources */,
				ADD71C021F6AE4C100251445 /* AccountViewController.swift in Sources */,
				ADD71C0B1F6AE4C100251445 /* AddAccountInteractor.swift in Sources */,
				ADD71BF51F6AE4AC00251445 /* AppConfiguration.swift in Sources */,
				ADD71C081F6AE4C100251445 /* AddAccountViewController.swift in Sources */,
				ADD71BF81F6AE4AC00251445 /* AppDelegate.swift in Sources */,
				ADD71BCF1F6AE47800251445 /* InstagramAPI.swift in Sources */,
				ADD71BE31F6AE49B00251445 /* InstagramMediaSectionTableViewCell.swift in Sources */,
				AD61BABD1F6BDBF900307E92 /* AddAccountPresenter.swift in Sources */,
				ADD71BDA1F6AE49B00251445 /* InsightsInteractor.swift in Sources */,
				ADD71BD31F6AE48500251445 /* InstagramMedia.swift in Sources */,
				ADD71BFB1F6AE4AC00251445 /* AppExtensions.swift in Sources */,
			);
			runOnlyForDeploymentPostprocessing = 0;
		};
		AD6C690F1F390A4F00039B66 /* Sources */ = {
			isa = PBXSourcesBuildPhase;
			buildActionMask = 2147483647;
			files = (
				ADB36EDB1F7306DA002844FD /* InstagramMediaTests.swift in Sources */,
				AD7D8C371F73CCC60094697E /* InstagramAPITests.swift in Sources */,
			);
			runOnlyForDeploymentPostprocessing = 0;
		};
/* End PBXSourcesBuildPhase section */

/* Begin PBXTargetDependency section */
		AD6C69151F390A4F00039B66 /* PBXTargetDependency */ = {
			isa = PBXTargetDependency;
			target = AD6C68FC1F390A4E00039B66 /* insights-for-instagram */;
			targetProxy = AD6C69141F390A4F00039B66 /* PBXContainerItemProxy */;
		};
/* End PBXTargetDependency section */

/* Begin PBXVariantGroup section */
		AD6C69061F390A4E00039B66 /* Main.storyboard */ = {
			isa = PBXVariantGroup;
			children = (
				AD6C69071F390A4E00039B66 /* Base */,
			);
			name = Main.storyboard;
			path = .;
			sourceTree = "<group>";
		};
/* End PBXVariantGroup section */

/* Begin XCBuildConfiguration section */
		AD6C69251F390A4F00039B66 /* Debug */ = {
			isa = XCBuildConfiguration;
			buildSettings = {
				ALWAYS_SEARCH_USER_PATHS = NO;
				CLANG_ANALYZER_LOCALIZABILITY_NONLOCALIZED = YES;
				CLANG_ANALYZER_NONNULL = YES;
				CLANG_ANALYZER_NUMBER_OBJECT_CONVERSION = YES_AGGRESSIVE;
				CLANG_CXX_LANGUAGE_STANDARD = "gnu++0x";
				CLANG_CXX_LIBRARY = "libc++";
				CLANG_ENABLE_MODULES = YES;
				CLANG_ENABLE_OBJC_ARC = YES;
				CLANG_WARN_BLOCK_CAPTURE_AUTORELEASING = YES;
				CLANG_WARN_BOOL_CONVERSION = YES;
				CLANG_WARN_COMMA = YES;
				CLANG_WARN_CONSTANT_CONVERSION = YES;
				CLANG_WARN_DIRECT_OBJC_ISA_USAGE = YES_ERROR;
				CLANG_WARN_DOCUMENTATION_COMMENTS = YES;
				CLANG_WARN_EMPTY_BODY = YES;
				CLANG_WARN_ENUM_CONVERSION = YES;
				CLANG_WARN_INFINITE_RECURSION = YES;
				CLANG_WARN_INT_CONVERSION = YES;
				CLANG_WARN_NON_LITERAL_NULL_CONVERSION = YES;
				CLANG_WARN_OBJC_LITERAL_CONVERSION = YES;
				CLANG_WARN_OBJC_ROOT_CLASS = YES_ERROR;
				CLANG_WARN_RANGE_LOOP_ANALYSIS = YES;
				CLANG_WARN_STRICT_PROTOTYPES = YES;
				CLANG_WARN_SUSPICIOUS_MOVE = YES;
				CLANG_WARN_UNREACHABLE_CODE = YES;
				CLANG_WARN__DUPLICATE_METHOD_MATCH = YES;
				"CODE_SIGN_IDENTITY[sdk=iphoneos*]" = "iPhone Developer";
				COPY_PHASE_STRIP = NO;
				DEBUG_INFORMATION_FORMAT = dwarf;
				ENABLE_STRICT_OBJC_MSGSEND = YES;
				ENABLE_TESTABILITY = YES;
				GCC_C_LANGUAGE_STANDARD = gnu99;
				GCC_DYNAMIC_NO_PIC = NO;
				GCC_NO_COMMON_BLOCKS = YES;
				GCC_OPTIMIZATION_LEVEL = 0;
				GCC_PREPROCESSOR_DEFINITIONS = (
					"DEBUG=1",
					"$(inherited)",
				);
				GCC_WARN_64_TO_32_BIT_CONVERSION = YES;
				GCC_WARN_ABOUT_RETURN_TYPE = YES_ERROR;
				GCC_WARN_UNDECLARED_SELECTOR = YES;
				GCC_WARN_UNINITIALIZED_AUTOS = YES_AGGRESSIVE;
				GCC_WARN_UNUSED_FUNCTION = YES;
				GCC_WARN_UNUSED_VARIABLE = YES;
				IPHONEOS_DEPLOYMENT_TARGET = 10.3;
				MTL_ENABLE_DEBUG_INFO = YES;
				ONLY_ACTIVE_ARCH = YES;
				SDKROOT = iphoneos;
				SWIFT_ACTIVE_COMPILATION_CONDITIONS = DEBUG;
				SWIFT_OPTIMIZATION_LEVEL = "-Onone";
				TARGETED_DEVICE_FAMILY = "1,2";
			};
			name = Debug;
		};
		AD6C69261F390A4F00039B66 /* Release */ = {
			isa = XCBuildConfiguration;
			buildSettings = {
				ALWAYS_SEARCH_USER_PATHS = NO;
				CLANG_ANALYZER_LOCALIZABILITY_NONLOCALIZED = YES;
				CLANG_ANALYZER_NONNULL = YES;
				CLANG_ANALYZER_NUMBER_OBJECT_CONVERSION = YES_AGGRESSIVE;
				CLANG_CXX_LANGUAGE_STANDARD = "gnu++0x";
				CLANG_CXX_LIBRARY = "libc++";
				CLANG_ENABLE_MODULES = YES;
				CLANG_ENABLE_OBJC_ARC = YES;
				CLANG_WARN_BLOCK_CAPTURE_AUTORELEASING = YES;
				CLANG_WARN_BOOL_CONVERSION = YES;
				CLANG_WARN_COMMA = YES;
				CLANG_WARN_CONSTANT_CONVERSION = YES;
				CLANG_WARN_DIRECT_OBJC_ISA_USAGE = YES_ERROR;
				CLANG_WARN_DOCUMENTATION_COMMENTS = YES;
				CLANG_WARN_EMPTY_BODY = YES;
				CLANG_WARN_ENUM_CONVERSION = YES;
				CLANG_WARN_INFINITE_RECURSION = YES;
				CLANG_WARN_INT_CONVERSION = YES;
				CLANG_WARN_NON_LITERAL_NULL_CONVERSION = YES;
				CLANG_WARN_OBJC_LITERAL_CONVERSION = YES;
				CLANG_WARN_OBJC_ROOT_CLASS = YES_ERROR;
				CLANG_WARN_RANGE_LOOP_ANALYSIS = YES;
				CLANG_WARN_STRICT_PROTOTYPES = YES;
				CLANG_WARN_SUSPICIOUS_MOVE = YES;
				CLANG_WARN_UNREACHABLE_CODE = YES;
				CLANG_WARN__DUPLICATE_METHOD_MATCH = YES;
				"CODE_SIGN_IDENTITY[sdk=iphoneos*]" = "iPhone Developer";
				COPY_PHASE_STRIP = NO;
				DEBUG_INFORMATION_FORMAT = "dwarf-with-dsym";
				ENABLE_NS_ASSERTIONS = NO;
				ENABLE_STRICT_OBJC_MSGSEND = YES;
				GCC_C_LANGUAGE_STANDARD = gnu99;
				GCC_NO_COMMON_BLOCKS = YES;
				GCC_WARN_64_TO_32_BIT_CONVERSION = YES;
				GCC_WARN_ABOUT_RETURN_TYPE = YES_ERROR;
				GCC_WARN_UNDECLARED_SELECTOR = YES;
				GCC_WARN_UNINITIALIZED_AUTOS = YES_AGGRESSIVE;
				GCC_WARN_UNUSED_FUNCTION = YES;
				GCC_WARN_UNUSED_VARIABLE = YES;
				IPHONEOS_DEPLOYMENT_TARGET = 10.3;
				MTL_ENABLE_DEBUG_INFO = NO;
				SDKROOT = iphoneos;
				SWIFT_OPTIMIZATION_LEVEL = "-Owholemodule";
				TARGETED_DEVICE_FAMILY = "1,2";
				VALIDATE_PRODUCT = YES;
			};
			name = Release;
		};
		AD6C69281F390A4F00039B66 /* Debug */ = {
			isa = XCBuildConfiguration;
			baseConfigurationReference = 25CF554A7A2BE8E283AEC682 /* Pods-insights-for-instagram.debug.xcconfig */;
			buildSettings = {
				ASSETCATALOG_COMPILER_APPICON_NAME = AppIcon;
				CURRENT_PROJECT_VERSION = 9;
				DEVELOPMENT_TEAM = 46BS3CW9YT;
				INFOPLIST_FILE = "insights-for-instagram/Info.plist";
				LD_RUNPATH_SEARCH_PATHS = "$(inherited) @executable_path/Frameworks";
				PRODUCT_BUNDLE_IDENTIFIER = "me.alexdimango.insights-for-instagram";
				PRODUCT_NAME = "$(TARGET_NAME)";
				SWIFT_VERSION = 4.0;
				TARGETED_DEVICE_FAMILY = 1;
				VERSIONING_SYSTEM = "apple-generic";
			};
			name = Debug;
		};
		AD6C69291F390A4F00039B66 /* Release */ = {
			isa = XCBuildConfiguration;
			baseConfigurationReference = A7CD320FF647674A7285FBC0 /* Pods-insights-for-instagram.release.xcconfig */;
			buildSettings = {
				ASSETCATALOG_COMPILER_APPICON_NAME = AppIcon;
				CURRENT_PROJECT_VERSION = 9;
				DEVELOPMENT_TEAM = 46BS3CW9YT;
				INFOPLIST_FILE = "insights-for-instagram/Info.plist";
				LD_RUNPATH_SEARCH_PATHS = "$(inherited) @executable_path/Frameworks";
				PRODUCT_BUNDLE_IDENTIFIER = "me.alexdimango.insights-for-instagram";
				PRODUCT_NAME = "$(TARGET_NAME)";
				SWIFT_VERSION = 4.0;
				TARGETED_DEVICE_FAMILY = 1;
				VERSIONING_SYSTEM = "apple-generic";
			};
			name = Release;
		};
		AD6C692B1F390A4F00039B66 /* Debug */ = {
			isa = XCBuildConfiguration;
			baseConfigurationReference = 7FADBF9E959DB8F02D5624CA /* Pods-insights-for-instagramTests.debug.xcconfig */;
			buildSettings = {
				ALWAYS_EMBED_SWIFT_STANDARD_LIBRARIES = "$(inherited)";
				BUNDLE_LOADER = "$(TEST_HOST)";
				DEVELOPMENT_TEAM = 46BS3CW9YT;
				INFOPLIST_FILE = "insights-for-instagramTests/Info.plist";
				LD_RUNPATH_SEARCH_PATHS = "$(inherited) @executable_path/Frameworks @loader_path/Frameworks";
				PRODUCT_BUNDLE_IDENTIFIER = "me.alexdimango.insights-for-instagramTests";
				PRODUCT_NAME = "$(TARGET_NAME)";
				SWIFT_VERSION = 3.0;
				TEST_HOST = "$(BUILT_PRODUCTS_DIR)/insights-for-instagram.app/insights-for-instagram";
			};
			name = Debug;
		};
		AD6C692C1F390A4F00039B66 /* Release */ = {
			isa = XCBuildConfiguration;
			baseConfigurationReference = 1879247EFBB7E37B2DF8A95E /* Pods-insights-for-instagramTests.release.xcconfig */;
			buildSettings = {
				ALWAYS_EMBED_SWIFT_STANDARD_LIBRARIES = "$(inherited)";
				BUNDLE_LOADER = "$(TEST_HOST)";
				DEVELOPMENT_TEAM = 46BS3CW9YT;
				INFOPLIST_FILE = "insights-for-instagramTests/Info.plist";
				LD_RUNPATH_SEARCH_PATHS = "$(inherited) @executable_path/Frameworks @loader_path/Frameworks";
				PRODUCT_BUNDLE_IDENTIFIER = "me.alexdimango.insights-for-instagramTests";
				PRODUCT_NAME = "$(TARGET_NAME)";
				SWIFT_VERSION = 3.0;
				TEST_HOST = "$(BUILT_PRODUCTS_DIR)/insights-for-instagram.app/insights-for-instagram";
			};
			name = Release;
		};
/* End XCBuildConfiguration section */

/* Begin XCConfigurationList section */
		AD6C68F81F390A4E00039B66 /* Build configuration list for PBXProject "insights-for-instagram" */ = {
			isa = XCConfigurationList;
			buildConfigurations = (
				AD6C69251F390A4F00039B66 /* Debug */,
				AD6C69261F390A4F00039B66 /* Release */,
			);
			defaultConfigurationIsVisible = 0;
			defaultConfigurationName = Release;
		};
		AD6C69271F390A4F00039B66 /* Build configuration list for PBXNativeTarget "insights-for-instagram" */ = {
			isa = XCConfigurationList;
			buildConfigurations = (
				AD6C69281F390A4F00039B66 /* Debug */,
				AD6C69291F390A4F00039B66 /* Release */,
			);
			defaultConfigurationIsVisible = 0;
			defaultConfigurationName = Release;
		};
		AD6C692A1F390A4F00039B66 /* Build configuration list for PBXNativeTarget "insights-for-instagramTests" */ = {
			isa = XCConfigurationList;
			buildConfigurations = (
				AD6C692B1F390A4F00039B66 /* Debug */,
				AD6C692C1F390A4F00039B66 /* Release */,
			);
			defaultConfigurationIsVisible = 0;
			defaultConfigurationName = Release;
		};
/* End XCConfigurationList section */
	};
	rootObject = AD6C68F51F390A4E00039B66 /* Project object */;
}
